
Microsoft Visual Studio Solution File, Format Version 12.00
# Visual Studio 15
VisualStudioVersion = 15.0.27703.2026
MinimumVisualStudioVersion = 10.0.40219.1
Project("{888888A0-9F3D-457C-B088-3A5042F75D52}") = "DHT22", "DHT22\DHT22.pyproj", "{6F2CDBB9-0F5B-4D05-B4DA-AC206FA83A78}"
EndProject
Global
	GlobalSection(SolutionConfigurationPlatforms) = preSolution
		Debug|Any CPU = Debug|Any CPU
		Release|Any CPU = Release|Any CPU
	EndGlobalSection
	GlobalSection(ProjectConfigurationPlatforms) = postSolution
		{6F2CDBB9-0F5B-4D05-B4DA-AC206FA83A78}.Debug|Any CPU.ActiveCfg = Debug|Any CPU
		{6F2CDBB9-0F5B-4D05-B4DA-AC206FA83A78}.Release|Any CPU.ActiveCfg = Release|Any CPU
	EndGlobalSection
	GlobalSection(SolutionProperties) = preSolution
		HideSolutionNode = FALSE
	EndGlobalSection
	GlobalSection(ExtensibilityGlobals) = postSolution
		SolutionGuid = {8D4CB4F2-F64C-4F57-B88A-99AC1DC2D6D6}
	EndGlobalSection
EndGlobal
